
Microsoft Visual Studio Solution File, Format Version 12.00
# Visual Studio Version 17
VisualStudioVersion = 17.3.32922.545
MinimumVisualStudioVersion = 10.0.40219.1
Project("{FAE04EC0-301F-11D3-BF4B-00C04F79EFBC}") = "CAI-GrupoH", "CAI-GrupoH\CAI-GrupoH.csproj", "{211B55D1-7F34-4A8E-B3BA-9433F37FFE9E}"
EndProject
Global
	GlobalSection(SolutionConfigurationPlatforms) = preSolution
		Debug|Any CPU = Debug|Any CPU
		Release|Any CPU = Release|Any CPU
	EndGlobalSection
	GlobalSection(ProjectConfigurationPlatforms) = postSolution
		{211B55D1-7F34-4A8E-B3BA-9433F37FFE9E}.Debug|Any CPU.ActiveCfg = Debug|Any CPU
		{211B55D1-7F34-4A8E-B3BA-9433F37FFE9E}.Debug|Any CPU.Build.0 = Debug|Any CPU
		{211B55D1-7F34-4A8E-B3BA-9433F37FFE9E}.Release|Any CPU.ActiveCfg = Release|Any CPU
		{211B55D1-7F34-4A8E-B3BA-9433F37FFE9E}.Release|Any CPU.Build.0 = Release|Any CPU
	EndGlobalSection
	GlobalSection(SolutionProperties) = preSolution
		HideSolutionNode = FALSE
	EndGlobalSection
	GlobalSection(ExtensibilityGlobals) = postSolution
		SolutionGuid = {46314B4C-B307-4B5A-8A1C-F120647A9E34}
	EndGlobalSection
EndGlobal
